
Microsoft Visual Studio Solution File, Format Version 12.00
# Visual Studio Version 16
VisualStudioVersion = 16.0.30621.155
MinimumVisualStudioVersion = 10.0.40219.1
Project("{FAE04EC0-301F-11D3-BF4B-00C04F79EFBC}") = "Website", "Website\Website.csproj", "{4D31D3B6-A8F1-4842-B12F-678D9F1061E5}"
EndProject
Project("{FAE04EC0-301F-11D3-BF4B-00C04F79EFBC}") = "Formulate.Pro.Meta", "Formulate.Pro.Meta\Formulate.Pro.Meta.csproj", "{29B21135-B06D-4EC5-A6FF-DCC23EEBEE03}"
EndProject
Project("{FAE04EC0-301F-11D3-BF4B-00C04F79EFBC}") = "Formulate.Pro", "Formulate.Pro\Formulate.Pro.csproj", "{661C9772-A9A1-4843-BA1E-5C8C459DF664}"
EndProject
Project("{FAE04EC0-301F-11D3-BF4B-00C04F79EFBC}") = "BuildFrontend", "BuildFrontend\BuildFrontend.csproj", "{BF0EABF8-C106-492A-8FCC-4FF2CF4B324E}"
EndProject
Global
	GlobalSection(SolutionConfigurationPlatforms) = preSolution
		Debug|Any CPU = Debug|Any CPU
		Release|Any CPU = Release|Any CPU
	EndGlobalSection
	GlobalSection(ProjectConfigurationPlatforms) = postSolution
		{4D31D3B6-A8F1-4842-B12F-678D9F1061E5}.Debug|Any CPU.ActiveCfg = Debug|Any CPU
		{4D31D3B6-A8F1-4842-B12F-678D9F1061E5}.Debug|Any CPU.Build.0 = Debug|Any CPU
		{4D31D3B6-A8F1-4842-B12F-678D9F1061E5}.Release|Any CPU.ActiveCfg = Release|Any CPU
		{4D31D3B6-A8F1-4842-B12F-678D9F1061E5}.Release|Any CPU.Build.0 = Release|Any CPU
		{29B21135-B06D-4EC5-A6FF-DCC23EEBEE03}.Debug|Any CPU.ActiveCfg = Debug|Any CPU
		{29B21135-B06D-4EC5-A6FF-DCC23EEBEE03}.Debug|Any CPU.Build.0 = Debug|Any CPU
		{29B21135-B06D-4EC5-A6FF-DCC23EEBEE03}.Release|Any CPU.ActiveCfg = Release|Any CPU
		{29B21135-B06D-4EC5-A6FF-DCC23EEBEE03}.Release|Any CPU.Build.0 = Release|Any CPU
		{661C9772-A9A1-4843-BA1E-5C8C459DF664}.Debug|Any CPU.ActiveCfg = Debug|Any CPU
		{661C9772-A9A1-4843-BA1E-5C8C459DF664}.Debug|Any CPU.Build.0 = Debug|Any CPU
		{661C9772-A9A1-4843-BA1E-5C8C459DF664}.Release|Any CPU.ActiveCfg = Release|Any CPU
		{661C9772-A9A1-4843-BA1E-5C8C459DF664}.Release|Any CPU.Build.0 = Release|Any CPU
		{BF0EABF8-C106-492A-8FCC-4FF2CF4B324E}.Debug|Any CPU.ActiveCfg = Debug|Any CPU
		{BF0EABF8-C106-492A-8FCC-4FF2CF4B324E}.Debug|Any CPU.Build.0 = Debug|Any CPU
		{BF0EABF8-C106-492A-8FCC-4FF2CF4B324E}.Release|Any CPU.ActiveCfg = Release|Any CPU
		{BF0EABF8-C106-492A-8FCC-4FF2CF4B324E}.Release|Any CPU.Build.0 = Release|Any CPU
	EndGlobalSection
	GlobalSection(SolutionProperties) = preSolution
		HideSolutionNode = FALSE
	EndGlobalSection
	GlobalSection(ExtensibilityGlobals) = postSolution
		SolutionGuid = {26AEFD81-ABE0-4682-8948-AB7BC2637970}
	EndGlobalSection
EndGlobal
